// !$*UTF8*$!
{
	archiveVersion = 1;
	classes = {
	};
	objectVersion = 50;
	objects = {

/* Begin PBXBuildFile section */
		503454EA2104F1C80089BAA2 /* AppDelegate.swift in Sources */ = {isa = PBXBuildFile; fileRef = 503454E92104F1C80089BAA2 /* AppDelegate.swift */; };
		503454EC2104F1C80089BAA2 /* EatViewController.swift in Sources */ = {isa = PBXBuildFile; fileRef = 503454EB2104F1C80089BAA2 /* EatViewController.swift */; };
		503454EE2104F1C80089BAA2 /* PlanViewController.swift in Sources */ = {isa = PBXBuildFile; fileRef = 503454ED2104F1C80089BAA2 /* PlanViewController.swift */; };
		503454F12104F1C80089BAA2 /* Main.storyboard in Resources */ = {isa = PBXBuildFile; fileRef = 503454EF2104F1C80089BAA2 /* Main.storyboard */; };
		503454F32104F1C90089BAA2 /* Assets.xcassets in Resources */ = {isa = PBXBuildFile; fileRef = 503454F22104F1C90089BAA2 /* Assets.xcassets */; };
		503454F62104F1C90089BAA2 /* LaunchScreen.storyboard in Resources */ = {isa = PBXBuildFile; fileRef = 503454F42104F1C90089BAA2 /* LaunchScreen.storyboard */; };
		503454FF2104F2D10089BAA2 /* Food.swift in Sources */ = {isa = PBXBuildFile; fileRef = 503454FE2104F2D10089BAA2 /* Food.swift */; };
		503455012104F8BC0089BAA2 /* ShopViewController.swift in Sources */ = {isa = PBXBuildFile; fileRef = 503455002104F8BC0089BAA2 /* ShopViewController.swift */; };
		503455032104FCC00089BAA2 /* ObjectManager.swift in Sources */ = {isa = PBXBuildFile; fileRef = 503455022104FCC00089BAA2 /* ObjectManager.swift */; };
		503455052104FE9B0089BAA2 /* DataLoader.swift in Sources */ = {isa = PBXBuildFile; fileRef = 503455042104FE9B0089BAA2 /* DataLoader.swift */; };
		5034550B210507220089BAA2 /* MealCell.swift in Sources */ = {isa = PBXBuildFile; fileRef = 5034550A210507220089BAA2 /* MealCell.swift */; };
		5062AF1A210D202A00C6458B /* MealCell.xib in Resources */ = {isa = PBXBuildFile; fileRef = 5062AF19210D202A00C6458B /* MealCell.xib */; };
		5062AF1C210D4AD600C6458B /* AddMealViewController.swift in Sources */ = {isa = PBXBuildFile; fileRef = 5062AF1B210D4AD600C6458B /* AddMealViewController.swift */; };
		5062AF1E210D4AF500C6458B /* AddIngredientViewController.swift in Sources */ = {isa = PBXBuildFile; fileRef = 5062AF1D210D4AF500C6458B /* AddIngredientViewController.swift */; };
/* End PBXBuildFile section */

/* Begin PBXFileReference section */
		503454E62104F1C80089BAA2 /* Food.app */ = {isa = PBXFileReference; explicitFileType = wrapper.application; includeInIndex = 0; path = Food.app; sourceTree = BUILT_PRODUCTS_DIR; };
		503454E92104F1C80089BAA2 /* AppDelegate.swift */ = {isa = PBXFileReference; lastKnownFileType = sourcecode.swift; path = AppDelegate.swift; sourceTree = "<group>"; };
		503454EB2104F1C80089BAA2 /* EatViewController.swift */ = {isa = PBXFileReference; lastKnownFileType = sourcecode.swift; path = EatViewController.swift; sourceTree = "<group>"; };
		503454ED2104F1C80089BAA2 /* PlanViewController.swift */ = {isa = PBXFileReference; lastKnownFileType = sourcecode.swift; path = PlanViewController.swift; sourceTree = "<group>"; };
		503454F02104F1C80089BAA2 /* Base */ = {isa = PBXFileReference; lastKnownFileType = file.storyboard; name = Base; path = Base.lproj/Main.storyboard; sourceTree = "<group>"; };
		503454F22104F1C90089BAA2 /* Assets.xcassets */ = {isa = PBXFileReference; lastKnownFileType = folder.assetcatalog; path = Assets.xcassets; sourceTree = "<group>"; };
		503454F52104F1C90089BAA2 /* Base */ = {isa = PBXFileReference; lastKnownFileType = file.storyboard; name = Base; path = Base.lproj/LaunchScreen.storyboard; sourceTree = "<group>"; };
		503454F72104F1C90089BAA2 /* Info.plist */ = {isa = PBXFileReference; lastKnownFileType = text.plist.xml; path = Info.plist; sourceTree = "<group>"; };
		503454FE2104F2D10089BAA2 /* Food.swift */ = {isa = PBXFileReference; lastKnownFileType = sourcecode.swift; path = Food.swift; sourceTree = "<group>"; };
		503455002104F8BC0089BAA2 /* ShopViewController.swift */ = {isa = PBXFileReference; lastKnownFileType = sourcecode.swift; path = ShopViewController.swift; sourceTree = "<group>"; };
		503455022104FCC00089BAA2 /* ObjectManager.swift */ = {isa = PBXFileReference; lastKnownFileType = sourcecode.swift; path = ObjectManager.swift; sourceTree = "<group>"; };
		503455042104FE9B0089BAA2 /* DataLoader.swift */ = {isa = PBXFileReference; lastKnownFileType = sourcecode.swift; path = DataLoader.swift; sourceTree = "<group>"; };
		5034550A210507220089BAA2 /* MealCell.swift */ = {isa = PBXFileReference; lastKnownFileType = sourcecode.swift; path = MealCell.swift; sourceTree = "<group>"; };
		5062AF19210D202A00C6458B /* MealCell.xib */ = {isa = PBXFileReference; lastKnownFileType = file.xib; path = MealCell.xib; sourceTree = "<group>"; };
		5062AF1B210D4AD600C6458B /* AddMealViewController.swift */ = {isa = PBXFileReference; lastKnownFileType = sourcecode.swift; path = AddMealViewController.swift; sourceTree = "<group>"; };
		5062AF1D210D4AF500C6458B /* AddIngredientViewController.swift */ = {isa = PBXFileReference; lastKnownFileType = sourcecode.swift; path = AddIngredientViewController.swift; sourceTree = "<group>"; };
/* End PBXFileReference section */

/* Begin PBXFrameworksBuildPhase section */
		503454E32104F1C80089BAA2 /* Frameworks */ = {
			isa = PBXFrameworksBuildPhase;
			buildActionMask = 2147483647;
			files = (
			);
			runOnlyForDeploymentPostprocessing = 0;
		};
/* End PBXFrameworksBuildPhase section */

/* Begin PBXGroup section */
		503454DD2104F1C80089BAA2 = {
			isa = PBXGroup;
			children = (
				503454E82104F1C80089BAA2 /* Food */,
				503454E72104F1C80089BAA2 /* Products */,
			);
			sourceTree = "<group>";
		};
		503454E72104F1C80089BAA2 /* Products */ = {
			isa = PBXGroup;
			children = (
				503454E62104F1C80089BAA2 /* Food.app */,
			);
			name = Products;
			sourceTree = "<group>";
		};
		503454E82104F1C80089BAA2 /* Food */ = {
			isa = PBXGroup;
			children = (
				503454E92104F1C80089BAA2 /* AppDelegate.swift */,
				503454F22104F1C90089BAA2 /* Assets.xcassets */,
				503454F42104F1C90089BAA2 /* LaunchScreen.storyboard */,
				503454F72104F1C90089BAA2 /* Info.plist */,
				503455062105025D0089BAA2 /* UI */,
				503454FD2104F2930089BAA2 /* Model */,
			);
			path = Food;
			sourceTree = "<group>";
		};
		503454FD2104F2930089BAA2 /* Model */ = {
			isa = PBXGroup;
			children = (
				503454FE2104F2D10089BAA2 /* Food.swift */,
				503455022104FCC00089BAA2 /* ObjectManager.swift */,
				503455042104FE9B0089BAA2 /* DataLoader.swift */,
			);
			path = Model;
			sourceTree = "<group>";
		};
		503455062105025D0089BAA2 /* UI */ = {
			isa = PBXGroup;
			children = (
				503454EF2104F1C80089BAA2 /* Main.storyboard */,
				5062AF19210D202A00C6458B /* MealCell.xib */,
				5034550A210507220089BAA2 /* MealCell.swift */,
				50345507210502620089BAA2 /* Eat */,
				50345508210502720089BAA2 /* Plan */,
				50345509210502790089BAA2 /* Shop */,
			);
			path = UI;
			sourceTree = "<group>";
		};
		50345507210502620089BAA2 /* Eat */ = {
			isa = PBXGroup;
			children = (
				503454EB2104F1C80089BAA2 /* EatViewController.swift */,
			);
			path = Eat;
			sourceTree = "<group>";
		};
		50345508210502720089BAA2 /* Plan */ = {
			isa = PBXGroup;
			children = (
				503454ED2104F1C80089BAA2 /* PlanViewController.swift */,
				5062AF1B210D4AD600C6458B /* AddMealViewController.swift */,
				5062AF1D210D4AF500C6458B /* AddIngredientViewController.swift */,
			);
			path = Plan;
			sourceTree = "<group>";
		};
		50345509210502790089BAA2 /* Shop */ = {
			isa = PBXGroup;
			children = (
				503455002104F8BC0089BAA2 /* ShopViewController.swift */,
			);
			path = Shop;
			sourceTree = "<group>";
		};
/* End PBXGroup section */

/* Begin PBXNativeTarget section */
		503454E52104F1C80089BAA2 /* Food */ = {
			isa = PBXNativeTarget;
			buildConfigurationList = 503454FA2104F1C90089BAA2 /* Build configuration list for PBXNativeTarget "Food" */;
			buildPhases = (
				503454E22104F1C80089BAA2 /* Sources */,
				503454E32104F1C80089BAA2 /* Frameworks */,
				503454E42104F1C80089BAA2 /* Resources */,
			);
			buildRules = (
			);
			dependencies = (
			);
			name = Food;
			productName = Food;
			productReference = 503454E62104F1C80089BAA2 /* Food.app */;
			productType = "com.apple.product-type.application";
		};
/* End PBXNativeTarget section */

/* Begin PBXProject section */
		503454DE2104F1C80089BAA2 /* Project object */ = {
			isa = PBXProject;
			attributes = {
				LastSwiftUpdateCheck = 0940;
				LastUpgradeCheck = 0940;
				ORGANIZATIONNAME = "Drum Zone";
				TargetAttributes = {
					503454E52104F1C80089BAA2 = {
						CreatedOnToolsVersion = 9.4.1;
						LastSwiftMigration = 1000;
					};
				};
			};
			buildConfigurationList = 503454E12104F1C80089BAA2 /* Build configuration list for PBXProject "Food" */;
			compatibilityVersion = "Xcode 9.3";
			developmentRegion = en;
			hasScannedForEncodings = 0;
			knownRegions = (
				en,
				Base,
			);
			mainGroup = 503454DD2104F1C80089BAA2;
			productRefGroup = 503454E72104F1C80089BAA2 /* Products */;
			projectDirPath = "";
			projectRoot = "";
			targets = (
				503454E52104F1C80089BAA2 /* Food */,
			);
		};
/* End PBXProject section */

/* Begin PBXResourcesBuildPhase section */
		503454E42104F1C80089BAA2 /* Resources */ = {
			isa = PBXResourcesBuildPhase;
			buildActionMask = 2147483647;
			files = (
				5062AF1A210D202A00C6458B /* MealCell.xib in Resources */,
				503454F62104F1C90089BAA2 /* LaunchScreen.storyboard in Resources */,
				503454F32104F1C90089BAA2 /* Assets.xcassets in Resources */,
				503454F12104F1C80089BAA2 /* Main.storyboard in Resources */,
			);
			runOnlyForDeploymentPostprocessing = 0;
		};
/* End PBXResourcesBuildPhase section */

/* Begin PBXSourcesBuildPhase section */
		503454E22104F1C80089BAA2 /* Sources */ = {
			isa = PBXSourcesBuildPhase;
			buildActionMask = 2147483647;
			files = (
				5034550B210507220089BAA2 /* MealCell.swift in Sources */,
				5062AF1E210D4AF500C6458B /* AddIngredientViewController.swift in Sources */,
				503455032104FCC00089BAA2 /* ObjectManager.swift in Sources */,
				503454EE2104F1C80089BAA2 /* PlanViewController.swift in Sources */,
				5062AF1C210D4AD600C6458B /* AddMealViewController.swift in Sources */,
				503455052104FE9B0089BAA2 /* DataLoader.swift in Sources */,
				503454FF2104F2D10089BAA2 /* Food.swift in Sources */,
				503455012104F8BC0089BAA2 /* ShopViewController.swift in Sources */,
				503454EA2104F1C80089BAA2 /* AppDelegate.swift in Sources */,
				503454EC2104F1C80089BAA2 /* EatViewController.swift in Sources */,
			);
			runOnlyForDeploymentPostprocessing = 0;
		};
/* End PBXSourcesBuildPhase section */

/* Begin PBXVariantGroup section */
		503454EF2104F1C80089BAA2 /* Main.storyboard */ = {
			isa = PBXVariantGroup;
			children = (
				503454F02104F1C80089BAA2 /* Base */,
			);
			name = Main.storyboard;
			sourceTree = "<group>";
		};
		503454F42104F1C90089BAA2 /* LaunchScreen.storyboard */ = {
			isa = PBXVariantGroup;
			children = (
				503454F52104F1C90089BAA2 /* Base */,
			);
			name = LaunchScreen.storyboard;
			sourceTree = "<group>";
		};
/* End PBXVariantGroup section */

/* Begin XCBuildConfiguration section */
		503454F82104F1C90089BAA2 /* Debug */ = {
			isa = XCBuildConfiguration;
			buildSettings = {
				ALWAYS_SEARCH_USER_PATHS = NO;
				CLANG_ANALYZER_NONNULL = YES;
				CLANG_ANALYZER_NUMBER_OBJECT_CONVERSION = YES_AGGRESSIVE;
				CLANG_CXX_LANGUAGE_STANDARD = "gnu++14";
				CLANG_CXX_LIBRARY = "libc++";
				CLANG_ENABLE_MODULES = YES;
				CLANG_ENABLE_OBJC_ARC = YES;
				CLANG_ENABLE_OBJC_WEAK = YES;
				CLANG_WARN_BLOCK_CAPTURE_AUTORELEASING = YES;
				CLANG_WARN_BOOL_CONVERSION = YES;
				CLANG_WARN_COMMA = YES;
				CLANG_WARN_CONSTANT_CONVERSION = YES;
				CLANG_WARN_DEPRECATED_OBJC_IMPLEMENTATIONS = YES;
				CLANG_WARN_DIRECT_OBJC_ISA_USAGE = YES_ERROR;
				CLANG_WARN_DOCUMENTATION_COMMENTS = YES;
				CLANG_WARN_EMPTY_BODY = YES;
				CLANG_WARN_ENUM_CONVERSION = YES;
				CLANG_WARN_INFINITE_RECURSION = YES;
				CLANG_WARN_INT_CONVERSION = YES;
				CLANG_WARN_NON_LITERAL_NULL_CONVERSION = YES;
				CLANG_WARN_OBJC_IMPLICIT_RETAIN_SELF = YES;
				CLANG_WARN_OBJC_LITERAL_CONVERSION = YES;
				CLANG_WARN_OBJC_ROOT_CLASS = YES_ERROR;
				CLANG_WARN_RANGE_LOOP_ANALYSIS = YES;
				CLANG_WARN_STRICT_PROTOTYPES = YES;
				CLANG_WARN_SUSPICIOUS_MOVE = YES;
				CLANG_WARN_UNGUARDED_AVAILABILITY = YES_AGGRESSIVE;
				CLANG_WARN_UNREACHABLE_CODE = YES;
				CLANG_WARN__DUPLICATE_METHOD_MATCH = YES;
				CODE_SIGN_IDENTITY = "iPhone Developer";
				COPY_PHASE_STRIP = NO;
				DEBUG_INFORMATION_FORMAT = dwarf;
				ENABLE_STRICT_OBJC_MSGSEND = YES;
				ENABLE_TESTABILITY = YES;
				GCC_C_LANGUAGE_STANDARD = gnu11;
				GCC_DYNAMIC_NO_PIC = NO;
				GCC_NO_COMMON_BLOCKS = YES;
				GCC_OPTIMIZATION_LEVEL = 0;
				GCC_PREPROCESSOR_DEFINITIONS = (
					"DEBUG=1",
					"$(inherited)",
				);
				GCC_WARN_64_TO_32_BIT_CONVERSION = YES;
				GCC_WARN_ABOUT_RETURN_TYPE = YES_ERROR;
				GCC_WARN_UNDECLARED_SELECTOR = YES;
				GCC_WARN_UNINITIALIZED_AUTOS = YES_AGGRESSIVE;
				GCC_WARN_UNUSED_FUNCTION = YES;
				GCC_WARN_UNUSED_VARIABLE = YES;
				IPHONEOS_DEPLOYMENT_TARGET = 11.4;
				MTL_ENABLE_DEBUG_INFO = YES;
				ONLY_ACTIVE_ARCH = YES;
				SDKROOT = iphoneos;
				SWIFT_ACTIVE_COMPILATION_CONDITIONS = DEBUG;
				SWIFT_OPTIMIZATION_LEVEL = "-Onone";
			};
			name = Debug;
		};
		503454F92104F1C90089BAA2 /* Release */ = {
			isa = XCBuildConfiguration;
			buildSettings = {
				ALWAYS_SEARCH_USER_PATHS = NO;
				CLANG_ANALYZER_NONNULL = YES;
				CLANG_ANALYZER_NUMBER_OBJECT_CONVERSION = YES_AGGRESSIVE;
				CLANG_CXX_LANGUAGE_STANDARD = "gnu++14";
				CLANG_CXX_LIBRARY = "libc++";
				CLANG_ENABLE_MODULES = YES;
				CLANG_ENABLE_OBJC_ARC = YES;
				CLANG_ENABLE_OBJC_WEAK = YES;
				CLANG_WARN_BLOCK_CAPTURE_AUTORELEASING = YES;
				CLANG_WARN_BOOL_CONVERSION = YES;
				CLANG_WARN_COMMA = YES;
				CLANG_WARN_CONSTANT_CONVERSION = YES;
				CLANG_WARN_DEPRECATED_OBJC_IMPLEMENTATIONS = YES;
				CLANG_WARN_DIRECT_OBJC_ISA_USAGE = YES_ERROR;
				CLANG_WARN_DOCUMENTATION_COMMENTS = YES;
				CLANG_WARN_EMPTY_BODY = YES;
				CLANG_WARN_ENUM_CONVERSION = YES;
				CLANG_WARN_INFINITE_RECURSION = YES;
				CLANG_WARN_INT_CONVERSION = YES;
				CLANG_WARN_NON_LITERAL_NULL_CONVERSION = YES;
				CLANG_WARN_OBJC_IMPLICIT_RETAIN_SELF = YES;
				CLANG_WARN_OBJC_LITERAL_CONVERSION = YES;
				CLANG_WARN_OBJC_ROOT_CLASS = YES_ERROR;
				CLANG_WARN_RANGE_LOOP_ANALYSIS = YES;
				CLANG_WARN_STRICT_PROTOTYPES = YES;
				CLANG_WARN_SUSPICIOUS_MOVE = YES;
				CLANG_WARN_UNGUARDED_AVAILABILITY = YES_AGGRESSIVE;
				CLANG_WARN_UNREACHABLE_CODE = YES;
				CLANG_WARN__DUPLICATE_METHOD_MATCH = YES;
				CODE_SIGN_IDENTITY = "iPhone Developer";
				COPY_PHASE_STRIP = NO;
				DEBUG_INFORMATION_FORMAT = "dwarf-with-dsym";
				ENABLE_NS_ASSERTIONS = NO;
				ENABLE_STRICT_OBJC_MSGSEND = YES;
				GCC_C_LANGUAGE_STANDARD = gnu11;
				GCC_NO_COMMON_BLOCKS = YES;
				GCC_WARN_64_TO_32_BIT_CONVERSION = YES;
				GCC_WARN_ABOUT_RETURN_TYPE = YES_ERROR;
				GCC_WARN_UNDECLARED_SELECTOR = YES;
				GCC_WARN_UNINITIALIZED_AUTOS = YES_AGGRESSIVE;
				GCC_WARN_UNUSED_FUNCTION = YES;
				GCC_WARN_UNUSED_VARIABLE = YES;
				IPHONEOS_DEPLOYMENT_TARGET = 11.4;
				MTL_ENABLE_DEBUG_INFO = NO;
				SDKROOT = iphoneos;
				SWIFT_COMPILATION_MODE = wholemodule;
				SWIFT_OPTIMIZATION_LEVEL = "-O";
				VALIDATE_PRODUCT = YES;
			};
			name = Release;
		};
		503454FB2104F1C90089BAA2 /* Debug */ = {
			isa = XCBuildConfiguration;
			buildSettings = {
				ASSETCATALOG_COMPILER_APPICON_NAME = AppIcon;
				CODE_SIGN_IDENTITY = "iPhone Developer";
				CODE_SIGN_STYLE = Automatic;
				DEVELOPMENT_TEAM = Z89H22MGNW;
				INFOPLIST_FILE = Food/Info.plist;
				LD_RUNPATH_SEARCH_PATHS = (
					"$(inherited)",
					"@executable_path/Frameworks",
				);
				PRODUCT_BUNDLE_IDENTIFIER = co.mikedrum.food;
				PRODUCT_NAME = "$(TARGET_NAME)";
				PROVISIONING_PROFILE_SPECIFIER = "";
				SWIFT_VERSION = 4.2;
				TARGETED_DEVICE_FAMILY = "1,2";
			};
			name = Debug;
		};
		503454FC2104F1C90089BAA2 /* Release */ = {
			isa = XCBuildConfiguration;
			buildSettings = {
				ASSETCATALOG_COMPILER_APPICON_NAME = AppIcon;
				CODE_SIGN_IDENTITY = "iPhone Developer";
				CODE_SIGN_STYLE = Automatic;
				DEVELOPMENT_TEAM = Z89H22MGNW;
				INFOPLIST_FILE = Food/Info.plist;
				LD_RUNPATH_SEARCH_PATHS = (
					"$(inherited)",
					"@executable_path/Frameworks",
				);
				PRODUCT_BUNDLE_IDENTIFIER = co.mikedrum.food;
				PRODUCT_NAME = "$(TARGET_NAME)";
				PROVISIONING_PROFILE_SPECIFIER = "";
				SWIFT_VERSION = 4.2;
				TARGETED_DEVICE_FAMILY = "1,2";
			};
			name = Release;
		};
/* End XCBuildConfiguration section */

/* Begin XCConfigurationList section */
		503454E12104F1C80089BAA2 /* Build configuration list for PBXProject "Food" */ = {
			isa = XCConfigurationList;
			buildConfigurations = (
				503454F82104F1C90089BAA2 /* Debug */,
				503454F92104F1C90089BAA2 /* Release */,
			);
			defaultConfigurationIsVisible = 0;
			defaultConfigurationName = Release;
		};
		503454FA2104F1C90089BAA2 /* Build configuration list for PBXNativeTarget "Food" */ = {
			isa = XCConfigurationList;
			buildConfigurations = (
				503454FB2104F1C90089BAA2 /* Debug */,
				503454FC2104F1C90089BAA2 /* Release */,
			);
			defaultConfigurationIsVisible = 0;
			defaultConfigurationName = Release;
		};
/* End XCConfigurationList section */
	};
	rootObject = 503454DE2104F1C80089BAA2 /* Project object */;
}
